
Microsoft Visual Studio Solution File, Format Version 12.00
# Visual Studio Version 17
VisualStudioVersion = 17.7.34221.43
MinimumVisualStudioVersion = 10.0.40219.1
Project("{FAE04EC0-301F-11D3-BF4B-00C04F79EFBC}") = "KeyboardExample", "KeyboardExample\KeyboardExample.csproj", "{26162D5B-7A03-4200-8C75-D2C6F5C10201}"
EndProject
Global
	GlobalSection(SolutionConfigurationPlatforms) = preSolution
		Debug|Any CPU = Debug|Any CPU
		Release|Any CPU = Release|Any CPU
	EndGlobalSection
	GlobalSection(ProjectConfigurationPlatforms) = postSolution
		{26162D5B-7A03-4200-8C75-D2C6F5C10201}.Debug|Any CPU.ActiveCfg = Debug|Any CPU
		{26162D5B-7A03-4200-8C75-D2C6F5C10201}.Debug|Any CPU.Build.0 = Debug|Any CPU
		{26162D5B-7A03-4200-8C75-D2C6F5C10201}.Release|Any CPU.ActiveCfg = Release|Any CPU
		{26162D5B-7A03-4200-8C75-D2C6F5C10201}.Release|Any CPU.Build.0 = Release|Any CPU
	EndGlobalSection
	GlobalSection(SolutionProperties) = preSolution
		HideSolutionNode = FALSE
	EndGlobalSection
	GlobalSection(ExtensibilityGlobals) = postSolution
		SolutionGuid = {93193185-F385-4A04-9D37-B77CDA38AD2B}
	EndGlobalSection
EndGlobal
